# This file is automatically @generated by Cargo.
# It is not intended for manual editing.
version = 4

[[package]]
name = "version_check"
version = "0.9.5"
source = "registry+https://github.com/rust-lang/crates.io-index"
checksum = "0b928f33d975fc6ad9f86c8f283853ad26bdd5b10b7f1542aa2fa15e2289105a"

[[package]]
name = "winresource"
version = "0.1.31"
source = "registry+https://github.com/rust-lang/crates.io-index"
checksum = "0986a8b1d586b7d3e4fe3d9ea39fb451ae22869dcea4aa109d287a374d866087"
dependencies = [
 "version_check",
]

[[package]]
name = "ytec-sticky-note-startup"
version = "1.5.4"
dependencies = [
 "winresource",
]
